// !$*UTF8*$!
{
	archiveVersion = 1;
	classes = {
	};
	objectVersion = 56;
	objects = {

/* Begin PBXBuildFile section */
		0286422D2BA4E34100A7B1F6 /* FocalApp.swift in Sources */ = {isa = PBXBuildFile; fileRef = 0286422C2BA4E34100A7B1F6 /* FocalApp.swift */; };
		0286422F2BA4E34100A7B1F6 /* ContentView.swift in Sources */ = {isa = PBXBuildFile; fileRef = 0286422E2BA4E34100A7B1F6 /* ContentView.swift */; };
		028642312BA4E34200A7B1F6 /* Assets.xcassets in Resources */ = {isa = PBXBuildFile; fileRef = 028642302BA4E34200A7B1F6 /* Assets.xcassets */; };
		028642352BA4E34200A7B1F6 /* Preview Assets.xcassets in Resources */ = {isa = PBXBuildFile; fileRef = 028642342BA4E34200A7B1F6 /* Preview Assets.xcassets */; };
		0286423F2BA4EB9600A7B1F6 /* MLX in Frameworks */ = {isa = PBXBuildFile; productRef = 0286423E2BA4EB9600A7B1F6 /* MLX */; };
		028642412BA4EB9600A7B1F6 /* MLXNN in Frameworks */ = {isa = PBXBuildFile; productRef = 028642402BA4EB9600A7B1F6 /* MLXNN */; };
		028642442BA4EB9E00A7B1F6 /* MLXLinalg in Frameworks */ = {isa = PBXBuildFile; productRef = 028642432BA4EB9E00A7B1F6 /* MLXLinalg */; };
		02936E492BAB64F600231C81 /* Sample.swift in Sources */ = {isa = PBXBuildFile; fileRef = 02936E482BAB64F600231C81 /* Sample.swift */; };
		02936E4C2BAB65E400231C81 /* TunedTransform.swift in Sources */ = {isa = PBXBuildFile; fileRef = 02936E4B2BAB65E400231C81 /* TunedTransform.swift */; };
		02936E502BAB664E00231C81 /* deuteranopia.png in Resources */ = {isa = PBXBuildFile; fileRef = 02936E4D2BAB664E00231C81 /* deuteranopia.png */; };
		02936E512BAB664E00231C81 /* original.png in Resources */ = {isa = PBXBuildFile; fileRef = 02936E4E2BAB664E00231C81 /* original.png */; };
		02936E522BAB664E00231C81 /* protanopia.png in Resources */ = {isa = PBXBuildFile; fileRef = 02936E4F2BAB664E00231C81 /* protanopia.png */; };
		02EFD6A62BA5F0ED00CB4F2A /* View+Rotation.swift in Sources */ = {isa = PBXBuildFile; fileRef = 02EFD6A52BA5F0ED00CB4F2A /* View+Rotation.swift */; };
		02EFD6A82BA5F11500CB4F2A /* Oklab.swift in Sources */ = {isa = PBXBuildFile; fileRef = 02EFD6A72BA5F11500CB4F2A /* Oklab.swift */; };
/* End PBXBuildFile section */

/* Begin PBXFileReference section */
		028642292BA4E34100A7B1F6 /* Focal.app */ = {isa = PBXFileReference; explicitFileType = wrapper.application; includeInIndex = 0; path = Focal.app; sourceTree = BUILT_PRODUCTS_DIR; };
		0286422C2BA4E34100A7B1F6 /* FocalApp.swift */ = {isa = PBXFileReference; lastKnownFileType = sourcecode.swift; path = FocalApp.swift; sourceTree = "<group>"; };
		0286422E2BA4E34100A7B1F6 /* ContentView.swift */ = {isa = PBXFileReference; lastKnownFileType = sourcecode.swift; path = ContentView.swift; sourceTree = "<group>"; };
		028642302BA4E34200A7B1F6 /* Assets.xcassets */ = {isa = PBXFileReference; lastKnownFileType = folder.assetcatalog; path = Assets.xcassets; sourceTree = "<group>"; };
		028642322BA4E34200A7B1F6 /* Focal.entitlements */ = {isa = PBXFileReference; lastKnownFileType = text.plist.entitlements; path = Focal.entitlements; sourceTree = "<group>"; };
		028642342BA4E34200A7B1F6 /* Preview Assets.xcassets */ = {isa = PBXFileReference; lastKnownFileType = folder.assetcatalog; path = "Preview Assets.xcassets"; sourceTree = "<group>"; };
		02936E482BAB64F600231C81 /* Sample.swift */ = {isa = PBXFileReference; lastKnownFileType = sourcecode.swift; path = Sample.swift; sourceTree = "<group>"; };
		02936E4B2BAB65E400231C81 /* TunedTransform.swift */ = {isa = PBXFileReference; lastKnownFileType = sourcecode.swift; path = TunedTransform.swift; sourceTree = "<group>"; };
		02936E4D2BAB664E00231C81 /* deuteranopia.png */ = {isa = PBXFileReference; lastKnownFileType = image.png; path = deuteranopia.png; sourceTree = "<group>"; };
		02936E4E2BAB664E00231C81 /* original.png */ = {isa = PBXFileReference; lastKnownFileType = image.png; path = original.png; sourceTree = "<group>"; };
		02936E4F2BAB664E00231C81 /* protanopia.png */ = {isa = PBXFileReference; lastKnownFileType = image.png; path = protanopia.png; sourceTree = "<group>"; };
		02EFD6A52BA5F0ED00CB4F2A /* View+Rotation.swift */ = {isa = PBXFileReference; lastKnownFileType = sourcecode.swift; path = "View+Rotation.swift"; sourceTree = "<group>"; };
		02EFD6A72BA5F11500CB4F2A /* Oklab.swift */ = {isa = PBXFileReference; lastKnownFileType = sourcecode.swift; path = Oklab.swift; sourceTree = "<group>"; };
/* End PBXFileReference section */

/* Begin PBXFrameworksBuildPhase section */
		028642262BA4E34100A7B1F6 /* Frameworks */ = {
			isa = PBXFrameworksBuildPhase;
			buildActionMask = 2147483647;
			files = (
				028642412BA4EB9600A7B1F6 /* MLXNN in Frameworks */,
				028642442BA4EB9E00A7B1F6 /* MLXLinalg in Frameworks */,
				0286423F2BA4EB9600A7B1F6 /* MLX in Frameworks */,
			);
			runOnlyForDeploymentPostprocessing = 0;
		};
/* End PBXFrameworksBuildPhase section */

/* Begin PBXGroup section */
		028642202BA4E34100A7B1F6 = {
			isa = PBXGroup;
			children = (
				0286422B2BA4E34100A7B1F6 /* Focal */,
				0286422A2BA4E34100A7B1F6 /* Products */,
				028642422BA4EB9E00A7B1F6 /* Frameworks */,
			);
			sourceTree = "<group>";
		};
		0286422A2BA4E34100A7B1F6 /* Products */ = {
			isa = PBXGroup;
			children = (
				028642292BA4E34100A7B1F6 /* Focal.app */,
			);
			name = Products;
			sourceTree = "<group>";
		};
		0286422B2BA4E34100A7B1F6 /* Focal */ = {
			isa = PBXGroup;
			children = (
				02936E4A2BAB65C300231C81 /* Precomputed Transforms */,
				0286422C2BA4E34100A7B1F6 /* FocalApp.swift */,
				0286422E2BA4E34100A7B1F6 /* ContentView.swift */,
				02EFD6A52BA5F0ED00CB4F2A /* View+Rotation.swift */,
				02936E482BAB64F600231C81 /* Sample.swift */,
				02936E4B2BAB65E400231C81 /* TunedTransform.swift */,
				02EFD6A72BA5F11500CB4F2A /* Oklab.swift */,
				028642302BA4E34200A7B1F6 /* Assets.xcassets */,
				028642322BA4E34200A7B1F6 /* Focal.entitlements */,
				028642332BA4E34200A7B1F6 /* Preview Content */,
			);
			path = Focal;
			sourceTree = "<group>";
		};
		028642332BA4E34200A7B1F6 /* Preview Content */ = {
			isa = PBXGroup;
			children = (
				028642342BA4E34200A7B1F6 /* Preview Assets.xcassets */,
			);
			path = "Preview Content";
			sourceTree = "<group>";
		};
		028642422BA4EB9E00A7B1F6 /* Frameworks */ = {
			isa = PBXGroup;
			children = (
			);
			name = Frameworks;
			sourceTree = "<group>";
		};
		02936E4A2BAB65C300231C81 /* Precomputed Transforms */ = {
			isa = PBXGroup;
			children = (
				02936E532BAB666100231C81 /* Dichromat */,
				02936E4E2BAB664E00231C81 /* original.png */,
			);
			path = "Precomputed Transforms";
			sourceTree = "<group>";
		};
		02936E532BAB666100231C81 /* Dichromat */ = {
			isa = PBXGroup;
			children = (
				02936E4F2BAB664E00231C81 /* protanopia.png */,
				02936E4D2BAB664E00231C81 /* deuteranopia.png */,
			);
			path = Dichromat;
			sourceTree = "<group>";
		};
/* End PBXGroup section */

/* Begin PBXNativeTarget section */
		028642282BA4E34100A7B1F6 /* Focal */ = {
			isa = PBXNativeTarget;
			buildConfigurationList = 028642382BA4E34200A7B1F6 /* Build configuration list for PBXNativeTarget "Focal" */;
			buildPhases = (
				028642252BA4E34100A7B1F6 /* Sources */,
				028642262BA4E34100A7B1F6 /* Frameworks */,
				028642272BA4E34100A7B1F6 /* Resources */,
			);
			buildRules = (
			);
			dependencies = (
			);
			name = Focal;
			packageProductDependencies = (
				0286423E2BA4EB9600A7B1F6 /* MLX */,
				028642402BA4EB9600A7B1F6 /* MLXNN */,
				028642432BA4EB9E00A7B1F6 /* MLXLinalg */,
			);
			productName = Focal;
			productReference = 028642292BA4E34100A7B1F6 /* Focal.app */;
			productType = "com.apple.product-type.application";
		};
/* End PBXNativeTarget section */

/* Begin PBXProject section */
		028642212BA4E34100A7B1F6 /* Project object */ = {
			isa = PBXProject;
			attributes = {
				BuildIndependentTargetsInParallel = 1;
				LastSwiftUpdateCheck = 1530;
				LastUpgradeCheck = 1530;
				TargetAttributes = {
					028642282BA4E34100A7B1F6 = {
						CreatedOnToolsVersion = 15.3;
					};
				};
			};
			buildConfigurationList = 028642242BA4E34100A7B1F6 /* Build configuration list for PBXProject "Focal" */;
			compatibilityVersion = "Xcode 14.0";
			developmentRegion = en;
			hasScannedForEncodings = 0;
			knownRegions = (
				en,
				Base,
			);
			mainGroup = 028642202BA4E34100A7B1F6;
			packageReferences = (
				0286423D2BA4EB9600A7B1F6 /* XCRemoteSwiftPackageReference "mlx-swift" */,
			);
			productRefGroup = 0286422A2BA4E34100A7B1F6 /* Products */;
			projectDirPath = "";
			projectRoot = "";
			targets = (
				028642282BA4E34100A7B1F6 /* Focal */,
			);
		};
/* End PBXProject section */

/* Begin PBXResourcesBuildPhase section */
		028642272BA4E34100A7B1F6 /* Resources */ = {
			isa = PBXResourcesBuildPhase;
			buildActionMask = 2147483647;
			files = (
				02936E522BAB664E00231C81 /* protanopia.png in Resources */,
				02936E512BAB664E00231C81 /* original.png in Resources */,
				02936E502BAB664E00231C81 /* deuteranopia.png in Resources */,
				028642352BA4E34200A7B1F6 /* Preview Assets.xcassets in Resources */,
				028642312BA4E34200A7B1F6 /* Assets.xcassets in Resources */,
			);
			runOnlyForDeploymentPostprocessing = 0;
		};
/* End PBXResourcesBuildPhase section */

/* Begin PBXSourcesBuildPhase section */
		028642252BA4E34100A7B1F6 /* Sources */ = {
			isa = PBXSourcesBuildPhase;
			buildActionMask = 2147483647;
			files = (
				02936E492BAB64F600231C81 /* Sample.swift in Sources */,
				02EFD6A82BA5F11500CB4F2A /* Oklab.swift in Sources */,
				0286422F2BA4E34100A7B1F6 /* ContentView.swift in Sources */,
				02EFD6A62BA5F0ED00CB4F2A /* View+Rotation.swift in Sources */,
				0286422D2BA4E34100A7B1F6 /* FocalApp.swift in Sources */,
				02936E4C2BAB65E400231C81 /* TunedTransform.swift in Sources */,
			);
			runOnlyForDeploymentPostprocessing = 0;
		};
/* End PBXSourcesBuildPhase section */

/* Begin XCBuildConfiguration section */
		028642362BA4E34200A7B1F6 /* Debug */ = {
			isa = XCBuildConfiguration;
			buildSettings = {
				ALWAYS_SEARCH_USER_PATHS = NO;
				ASSETCATALOG_COMPILER_GENERATE_SWIFT_ASSET_SYMBOL_EXTENSIONS = YES;
				CLANG_ANALYZER_NONNULL = YES;
				CLANG_ANALYZER_NUMBER_OBJECT_CONVERSION = YES_AGGRESSIVE;
				CLANG_CXX_LANGUAGE_STANDARD = "gnu++20";
				CLANG_ENABLE_MODULES = YES;
				CLANG_ENABLE_OBJC_ARC = YES;
				CLANG_ENABLE_OBJC_WEAK = YES;
				CLANG_WARN_BLOCK_CAPTURE_AUTORELEASING = YES;
				CLANG_WARN_BOOL_CONVERSION = YES;
				CLANG_WARN_COMMA = YES;
				CLANG_WARN_CONSTANT_CONVERSION = YES;
				CLANG_WARN_DEPRECATED_OBJC_IMPLEMENTATIONS = YES;
				CLANG_WARN_DIRECT_OBJC_ISA_USAGE = YES_ERROR;
				CLANG_WARN_DOCUMENTATION_COMMENTS = YES;
				CLANG_WARN_EMPTY_BODY = YES;
				CLANG_WARN_ENUM_CONVERSION = YES;
				CLANG_WARN_INFINITE_RECURSION = YES;
				CLANG_WARN_INT_CONVERSION = YES;
				CLANG_WARN_NON_LITERAL_NULL_CONVERSION = YES;
				CLANG_WARN_OBJC_IMPLICIT_RETAIN_SELF = YES;
				CLANG_WARN_OBJC_LITERAL_CONVERSION = YES;
				CLANG_WARN_OBJC_ROOT_CLASS = YES_ERROR;
				CLANG_WARN_QUOTED_INCLUDE_IN_FRAMEWORK_HEADER = YES;
				CLANG_WARN_RANGE_LOOP_ANALYSIS = YES;
				CLANG_WARN_STRICT_PROTOTYPES = YES;
				CLANG_WARN_SUSPICIOUS_MOVE = YES;
				CLANG_WARN_UNGUARDED_AVAILABILITY = YES_AGGRESSIVE;
				CLANG_WARN_UNREACHABLE_CODE = YES;
				CLANG_WARN__DUPLICATE_METHOD_MATCH = YES;
				COPY_PHASE_STRIP = NO;
				DEBUG_INFORMATION_FORMAT = dwarf;
				ENABLE_STRICT_OBJC_MSGSEND = YES;
				ENABLE_TESTABILITY = YES;
				ENABLE_USER_SCRIPT_SANDBOXING = YES;
				GCC_C_LANGUAGE_STANDARD = gnu17;
				GCC_DYNAMIC_NO_PIC = NO;
				GCC_NO_COMMON_BLOCKS = YES;
				GCC_OPTIMIZATION_LEVEL = 0;
				GCC_PREPROCESSOR_DEFINITIONS = (
					"DEBUG=1",
					"$(inherited)",
				);
				GCC_WARN_64_TO_32_BIT_CONVERSION = YES;
				GCC_WARN_ABOUT_RETURN_TYPE = YES_ERROR;
				GCC_WARN_UNDECLARED_SELECTOR = YES;
				GCC_WARN_UNINITIALIZED_AUTOS = YES_AGGRESSIVE;
				GCC_WARN_UNUSED_FUNCTION = YES;
				GCC_WARN_UNUSED_VARIABLE = YES;
				LOCALIZATION_PREFERS_STRING_CATALOGS = YES;
				MTL_ENABLE_DEBUG_INFO = INCLUDE_SOURCE;
				MTL_FAST_MATH = YES;
				ONLY_ACTIVE_ARCH = YES;
				SWIFT_ACTIVE_COMPILATION_CONDITIONS = "DEBUG $(inherited)";
				SWIFT_OPTIMIZATION_LEVEL = "-Onone";
			};
			name = Debug;
		};
		028642372BA4E34200A7B1F6 /* Release */ = {
			isa = XCBuildConfiguration;
			buildSettings = {
				ALWAYS_SEARCH_USER_PATHS = NO;
				ASSETCATALOG_COMPILER_GENERATE_SWIFT_ASSET_SYMBOL_EXTENSIONS = YES;
				CLANG_ANALYZER_NONNULL = YES;
				CLANG_ANALYZER_NUMBER_OBJECT_CONVERSION = YES_AGGRESSIVE;
				CLANG_CXX_LANGUAGE_STANDARD = "gnu++20";
				CLANG_ENABLE_MODULES = YES;
				CLANG_ENABLE_OBJC_ARC = YES;
				CLANG_ENABLE_OBJC_WEAK = YES;
				CLANG_WARN_BLOCK_CAPTURE_AUTORELEASING = YES;
				CLANG_WARN_BOOL_CONVERSION = YES;
				CLANG_WARN_COMMA = YES;
				CLANG_WARN_CONSTANT_CONVERSION = YES;
				CLANG_WARN_DEPRECATED_OBJC_IMPLEMENTATIONS = YES;
				CLANG_WARN_DIRECT_OBJC_ISA_USAGE = YES_ERROR;
				CLANG_WARN_DOCUMENTATION_COMMENTS = YES;
				CLANG_WARN_EMPTY_BODY = YES;
				CLANG_WARN_ENUM_CONVERSION = YES;
				CLANG_WARN_INFINITE_RECURSION = YES;
				CLANG_WARN_INT_CONVERSION = YES;
				CLANG_WARN_NON_LITERAL_NULL_CONVERSION = YES;
				CLANG_WARN_OBJC_IMPLICIT_RETAIN_SELF = YES;
				CLANG_WARN_OBJC_LITERAL_CONVERSION = YES;
				CLANG_WARN_OBJC_ROOT_CLASS = YES_ERROR;
				CLANG_WARN_QUOTED_INCLUDE_IN_FRAMEWORK_HEADER = YES;
				CLANG_WARN_RANGE_LOOP_ANALYSIS = YES;
				CLANG_WARN_STRICT_PROTOTYPES = YES;
				CLANG_WARN_SUSPICIOUS_MOVE = YES;
				CLANG_WARN_UNGUARDED_AVAILABILITY = YES_AGGRESSIVE;
				CLANG_WARN_UNREACHABLE_CODE = YES;
				CLANG_WARN__DUPLICATE_METHOD_MATCH = YES;
				COPY_PHASE_STRIP = NO;
				DEBUG_INFORMATION_FORMAT = "dwarf-with-dsym";
				ENABLE_NS_ASSERTIONS = NO;
				ENABLE_STRICT_OBJC_MSGSEND = YES;
				ENABLE_USER_SCRIPT_SANDBOXING = YES;
				GCC_C_LANGUAGE_STANDARD = gnu17;
				GCC_NO_COMMON_BLOCKS = YES;
				GCC_WARN_64_TO_32_BIT_CONVERSION = YES;
				GCC_WARN_ABOUT_RETURN_TYPE = YES_ERROR;
				GCC_WARN_UNDECLARED_SELECTOR = YES;
				GCC_WARN_UNINITIALIZED_AUTOS = YES_AGGRESSIVE;
				GCC_WARN_UNUSED_FUNCTION = YES;
				GCC_WARN_UNUSED_VARIABLE = YES;
				LOCALIZATION_PREFERS_STRING_CATALOGS = YES;
				MTL_ENABLE_DEBUG_INFO = NO;
				MTL_FAST_MATH = YES;
				SWIFT_COMPILATION_MODE = wholemodule;
			};
			name = Release;
		};
		028642392BA4E34200A7B1F6 /* Debug */ = {
			isa = XCBuildConfiguration;
			buildSettings = {
				ASSETCATALOG_COMPILER_APPICON_NAME = AppIcon;
				ASSETCATALOG_COMPILER_GLOBAL_ACCENT_COLOR_NAME = AccentColor;
				CODE_SIGN_ENTITLEMENTS = Focal/Focal.entitlements;
				CODE_SIGN_STYLE = Automatic;
				CURRENT_PROJECT_VERSION = 1;
				DEVELOPMENT_ASSET_PATHS = "\"Focal/Preview Content\"";
				DEVELOPMENT_TEAM = UP46UMQG2S;
				ENABLE_HARDENED_RUNTIME = YES;
				ENABLE_PREVIEWS = YES;
				GENERATE_INFOPLIST_FILE = YES;
				INFOPLIST_KEY_LSApplicationCategoryType = "public.app-category.utilities";
				"INFOPLIST_KEY_UIApplicationSceneManifest_Generation[sdk=iphoneos*]" = YES;
				"INFOPLIST_KEY_UIApplicationSceneManifest_Generation[sdk=iphonesimulator*]" = YES;
				"INFOPLIST_KEY_UIApplicationSupportsIndirectInputEvents[sdk=iphoneos*]" = YES;
				"INFOPLIST_KEY_UIApplicationSupportsIndirectInputEvents[sdk=iphonesimulator*]" = YES;
				"INFOPLIST_KEY_UILaunchScreen_Generation[sdk=iphoneos*]" = YES;
				"INFOPLIST_KEY_UILaunchScreen_Generation[sdk=iphonesimulator*]" = YES;
				"INFOPLIST_KEY_UIStatusBarStyle[sdk=iphoneos*]" = UIStatusBarStyleDefault;
				"INFOPLIST_KEY_UIStatusBarStyle[sdk=iphonesimulator*]" = UIStatusBarStyleDefault;
				INFOPLIST_KEY_UISupportedInterfaceOrientations = "UIInterfaceOrientationLandscapeLeft UIInterfaceOrientationLandscapeRight UIInterfaceOrientationPortrait";
				INFOPLIST_KEY_UISupportedInterfaceOrientations_iPad = "UIInterfaceOrientationLandscapeLeft UIInterfaceOrientationLandscapeRight UIInterfaceOrientationPortrait UIInterfaceOrientationPortraitUpsideDown";
				IPHONEOS_DEPLOYMENT_TARGET = 17.4;
				LD_RUNPATH_SEARCH_PATHS = "@executable_path/Frameworks";
				"LD_RUNPATH_SEARCH_PATHS[sdk=macosx*]" = "@executable_path/../Frameworks";
				MACOSX_DEPLOYMENT_TARGET = 14.4;
				MARKETING_VERSION = 1.0;
				PRODUCT_BUNDLE_IDENTIFIER = ai.binarysky.Focal;
				PRODUCT_NAME = "$(TARGET_NAME)";
				SDKROOT = auto;
				SUPPORTED_PLATFORMS = "iphoneos iphonesimulator macosx";
				SWIFT_EMIT_LOC_STRINGS = YES;
				SWIFT_VERSION = 5.0;
				TARGETED_DEVICE_FAMILY = "1,2";
			};
			name = Debug;
		};
		0286423A2BA4E34200A7B1F6 /* Release */ = {
			isa = XCBuildConfiguration;
			buildSettings = {
				ASSETCATALOG_COMPILER_APPICON_NAME = AppIcon;
				ASSETCATALOG_COMPILER_GLOBAL_ACCENT_COLOR_NAME = AccentColor;
				CODE_SIGN_ENTITLEMENTS = Focal/Focal.entitlements;
				CODE_SIGN_STYLE = Automatic;
				CURRENT_PROJECT_VERSION = 1;
				DEVELOPMENT_ASSET_PATHS = "\"Focal/Preview Content\"";
				DEVELOPMENT_TEAM = UP46UMQG2S;
				ENABLE_HARDENED_RUNTIME = YES;
				ENABLE_PREVIEWS = YES;
				GENERATE_INFOPLIST_FILE = YES;
				INFOPLIST_KEY_LSApplicationCategoryType = "public.app-category.utilities";
				"INFOPLIST_KEY_UIApplicationSceneManifest_Generation[sdk=iphoneos*]" = YES;
				"INFOPLIST_KEY_UIApplicationSceneManifest_Generation[sdk=iphonesimulator*]" = YES;
				"INFOPLIST_KEY_UIApplicationSupportsIndirectInputEvents[sdk=iphoneos*]" = YES;
				"INFOPLIST_KEY_UIApplicationSupportsIndirectInputEvents[sdk=iphonesimulator*]" = YES;
				"INFOPLIST_KEY_UILaunchScreen_Generation[sdk=iphoneos*]" = YES;
				"INFOPLIST_KEY_UILaunchScreen_Generation[sdk=iphonesimulator*]" = YES;
				"INFOPLIST_KEY_UIStatusBarStyle[sdk=iphoneos*]" = UIStatusBarStyleDefault;
				"INFOPLIST_KEY_UIStatusBarStyle[sdk=iphonesimulator*]" = UIStatusBarStyleDefault;
				INFOPLIST_KEY_UISupportedInterfaceOrientations = "UIInterfaceOrientationLandscapeLeft UIInterfaceOrientationLandscapeRight UIInterfaceOrientationPortrait";
				INFOPLIST_KEY_UISupportedInterfaceOrientations_iPad = "UIInterfaceOrientationLandscapeLeft UIInterfaceOrientationLandscapeRight UIInterfaceOrientationPortrait UIInterfaceOrientationPortraitUpsideDown";
				IPHONEOS_DEPLOYMENT_TARGET = 17.4;
				LD_RUNPATH_SEARCH_PATHS = "@executable_path/Frameworks";
				"LD_RUNPATH_SEARCH_PATHS[sdk=macosx*]" = "@executable_path/../Frameworks";
				MACOSX_DEPLOYMENT_TARGET = 14.4;
				MARKETING_VERSION = 1.0;
				PRODUCT_BUNDLE_IDENTIFIER = ai.binarysky.Focal;
				PRODUCT_NAME = "$(TARGET_NAME)";
				SDKROOT = auto;
				SUPPORTED_PLATFORMS = "iphoneos iphonesimulator macosx";
				SWIFT_EMIT_LOC_STRINGS = YES;
				SWIFT_VERSION = 5.0;
				TARGETED_DEVICE_FAMILY = "1,2";
			};
			name = Release;
		};
/* End XCBuildConfiguration section */

/* Begin XCConfigurationList section */
		028642242BA4E34100A7B1F6 /* Build configuration list for PBXProject "Focal" */ = {
			isa = XCConfigurationList;
			buildConfigurations = (
				028642362BA4E34200A7B1F6 /* Debug */,
				028642372BA4E34200A7B1F6 /* Release */,
			);
			defaultConfigurationIsVisible = 0;
			defaultConfigurationName = Release;
		};
		028642382BA4E34200A7B1F6 /* Build configuration list for PBXNativeTarget "Focal" */ = {
			isa = XCConfigurationList;
			buildConfigurations = (
				028642392BA4E34200A7B1F6 /* Debug */,
				0286423A2BA4E34200A7B1F6 /* Release */,
			);
			defaultConfigurationIsVisible = 0;
			defaultConfigurationName = Release;
		};
/* End XCConfigurationList section */

/* Begin XCRemoteSwiftPackageReference section */
		0286423D2BA4EB9600A7B1F6 /* XCRemoteSwiftPackageReference "mlx-swift" */ = {
			isa = XCRemoteSwiftPackageReference;
			repositoryURL = "https://github.com/ml-explore/mlx-swift";
			requirement = {
				kind = upToNextMajorVersion;
				minimumVersion = 0.10.0;
			};
		};
/* End XCRemoteSwiftPackageReference section */

/* Begin XCSwiftPackageProductDependency section */
		0286423E2BA4EB9600A7B1F6 /* MLX */ = {
			isa = XCSwiftPackageProductDependency;
			package = 0286423D2BA4EB9600A7B1F6 /* XCRemoteSwiftPackageReference "mlx-swift" */;
			productName = MLX;
		};
		028642402BA4EB9600A7B1F6 /* MLXNN */ = {
			isa = XCSwiftPackageProductDependency;
			package = 0286423D2BA4EB9600A7B1F6 /* XCRemoteSwiftPackageReference "mlx-swift" */;
			productName = MLXNN;
		};
		028642432BA4EB9E00A7B1F6 /* MLXLinalg */ = {
			isa = XCSwiftPackageProductDependency;
			package = 0286423D2BA4EB9600A7B1F6 /* XCRemoteSwiftPackageReference "mlx-swift" */;
			productName = MLXLinalg;
		};
/* End XCSwiftPackageProductDependency section */
	};
	rootObject = 028642212BA4E34100A7B1F6 /* Project object */;
}
